
Microsoft Visual Studio Solution File, Format Version 12.00
# Visual Studio Version 17
VisualStudioVersion = 17.3.32819.101
MinimumVisualStudioVersion = 10.0.40219.1
Project("{FAE04EC0-301F-11D3-BF4B-00C04F79EFBC}") = "Sinnema_bufe_sistemi", "Sinnema_bufe_sistemi\Sinnema_bufe_sistemi.csproj", "{655319D8-DB70-4EC6-9218-F0A2C3D64D37}"
EndProject
Global
	GlobalSection(SolutionConfigurationPlatforms) = preSolution
		Debug|Any CPU = Debug|Any CPU
		Release|Any CPU = Release|Any CPU
	EndGlobalSection
	GlobalSection(ProjectConfigurationPlatforms) = postSolution
		{655319D8-DB70-4EC6-9218-F0A2C3D64D37}.Debug|Any CPU.ActiveCfg = Debug|Any CPU
		{655319D8-DB70-4EC6-9218-F0A2C3D64D37}.Debug|Any CPU.Build.0 = Debug|Any CPU
		{655319D8-DB70-4EC6-9218-F0A2C3D64D37}.Release|Any CPU.ActiveCfg = Release|Any CPU
		{655319D8-DB70-4EC6-9218-F0A2C3D64D37}.Release|Any CPU.Build.0 = Release|Any CPU
	EndGlobalSection
	GlobalSection(SolutionProperties) = preSolution
		HideSolutionNode = FALSE
	EndGlobalSection
	GlobalSection(ExtensibilityGlobals) = postSolution
		SolutionGuid = {3776FE81-858D-47BA-A414-463955BD80D7}
	EndGlobalSection
EndGlobal
